// !$*UTF8*$!
{
	archiveVersion = 1;
	classes = {
	};
	objectVersion = 46;
	objects = {

/* Begin PBXBuildFile section */
		09B4A5AD1C50DD4E00BEA3D1 /* FirstViewCollectionViewController.m in Sources */ = {isa = PBXBuildFile; fileRef = 09B4A5AC1C50DD4E00BEA3D1 /* FirstViewCollectionViewController.m */; };
		09B4A5B01C50DF5000BEA3D1 /* MyNavController.m in Sources */ = {isa = PBXBuildFile; fileRef = 09B4A5AF1C50DF5000BEA3D1 /* MyNavController.m */; };
		09B4A5B31C50E13200BEA3D1 /* NavItem.m in Sources */ = {isa = PBXBuildFile; fileRef = 09B4A5B21C50E13200BEA3D1 /* NavItem.m */; };
		09B4A5B51C50E14F00BEA3D1 /* NavItem.xib in Resources */ = {isa = PBXBuildFile; fileRef = 09B4A5B41C50E14F00BEA3D1 /* NavItem.xib */; };
		09B4A5B81C50EB8400BEA3D1 /* PopViewController.m in Sources */ = {isa = PBXBuildFile; fileRef = 09B4A5B71C50EB8400BEA3D1 /* PopViewController.m */; };
		09B4A5BB1C50EC7900BEA3D1 /* PopView.m in Sources */ = {isa = PBXBuildFile; fileRef = 09B4A5BA1C50EC7900BEA3D1 /* PopView.m */; };
		09B4A5C91C50F09E00BEA3D1 /* categories.plist in Resources */ = {isa = PBXBuildFile; fileRef = 09B4A5C51C50F09E00BEA3D1 /* categories.plist */; };
		09B4A5CA1C50F09E00BEA3D1 /* cities.plist in Resources */ = {isa = PBXBuildFile; fileRef = 09B4A5C61C50F09E00BEA3D1 /* cities.plist */; };
		09B4A5CB1C50F09E00BEA3D1 /* cityGroups.plist in Resources */ = {isa = PBXBuildFile; fileRef = 09B4A5C71C50F09E00BEA3D1 /* cityGroups.plist */; };
		09B4A5CC1C50F09E00BEA3D1 /* sorts.plist in Resources */ = {isa = PBXBuildFile; fileRef = 09B4A5C81C50F09E00BEA3D1 /* sorts.plist */; };
		09B4A5CF1C50F10400BEA3D1 /* CategorlyModel.m in Sources */ = {isa = PBXBuildFile; fileRef = 09B4A5CE1C50F10400BEA3D1 /* CategorlyModel.m */; };
		09B4A5D31C510AD300BEA3D1 /* popView.xib in Resources */ = {isa = PBXBuildFile; fileRef = 09B4A5D21C510AD300BEA3D1 /* popView.xib */; };
		09B4A5DC1C51118E00BEA3D1 /* SecondPopViewController.m in Sources */ = {isa = PBXBuildFile; fileRef = 09B4A5DA1C51118E00BEA3D1 /* SecondPopViewController.m */; };
		09B4A5DD1C51118E00BEA3D1 /* SecondPopViewController.xib in Resources */ = {isa = PBXBuildFile; fileRef = 09B4A5DB1C51118E00BEA3D1 /* SecondPopViewController.xib */; };
		09B4A5E01C51153100BEA3D1 /* CItyGroupModel.m in Sources */ = {isa = PBXBuildFile; fileRef = 09B4A5DF1C51153100BEA3D1 /* CItyGroupModel.m */; };
		405209C71B12E4DB00837D23 /* main.m in Sources */ = {isa = PBXBuildFile; fileRef = 405209C61B12E4DB00837D23 /* main.m */; };
		405209CA1B12E4DB00837D23 /* AppDelegate.m in Sources */ = {isa = PBXBuildFile; fileRef = 405209C91B12E4DB00837D23 /* AppDelegate.m */; };
		405209D21B12E4DB00837D23 /* Images.xcassets in Resources */ = {isa = PBXBuildFile; fileRef = 405209D11B12E4DB00837D23 /* Images.xcassets */; };
		405209E11B12E4DB00837D23 /* ____Tests.m in Sources */ = {isa = PBXBuildFile; fileRef = 405209E01B12E4DB00837D23 /* ____Tests.m */; };
/* End PBXBuildFile section */

/* Begin PBXContainerItemProxy section */
		405209DB1B12E4DB00837D23 /* PBXContainerItemProxy */ = {
			isa = PBXContainerItemProxy;
			containerPortal = 405209B91B12E4DB00837D23 /* Project object */;
			proxyType = 1;
			remoteGlobalIDString = 405209C01B12E4DB00837D23;
			remoteInfo = "团购项目";
		};
/* End PBXContainerItemProxy section */

/* Begin PBXFileReference section */
		09B4A5AB1C50DD4E00BEA3D1 /* FirstViewCollectionViewController.h */ = {isa = PBXFileReference; fileEncoding = 4; lastKnownFileType = sourcecode.c.h; name = FirstViewCollectionViewController.h; path = ../FirstViewCollectionViewController.h; sourceTree = "<group>"; };
		09B4A5AC1C50DD4E00BEA3D1 /* FirstViewCollectionViewController.m */ = {isa = PBXFileReference; fileEncoding = 4; lastKnownFileType = sourcecode.c.objc; name = FirstViewCollectionViewController.m; path = ../FirstViewCollectionViewController.m; sourceTree = "<group>"; };
		09B4A5AE1C50DF5000BEA3D1 /* MyNavController.h */ = {isa = PBXFileReference; fileEncoding = 4; lastKnownFileType = sourcecode.c.h; name = MyNavController.h; path = ../MyNavController.h; sourceTree = "<group>"; };
		09B4A5AF1C50DF5000BEA3D1 /* MyNavController.m */ = {isa = PBXFileReference; fileEncoding = 4; lastKnownFileType = sourcecode.c.objc; name = MyNavController.m; path = ../MyNavController.m; sourceTree = "<group>"; };
		09B4A5B11C50E13200BEA3D1 /* NavItem.h */ = {isa = PBXFileReference; fileEncoding = 4; lastKnownFileType = sourcecode.c.h; name = NavItem.h; path = ../NavItem.h; sourceTree = "<group>"; };
		09B4A5B21C50E13200BEA3D1 /* NavItem.m */ = {isa = PBXFileReference; fileEncoding = 4; lastKnownFileType = sourcecode.c.objc; name = NavItem.m; path = ../NavItem.m; sourceTree = "<group>"; };
		09B4A5B41C50E14F00BEA3D1 /* NavItem.xib */ = {isa = PBXFileReference; fileEncoding = 4; lastKnownFileType = file.xib; name = NavItem.xib; path = ../NavItem.xib; sourceTree = "<group>"; };
		09B4A5B61C50EB8400BEA3D1 /* PopViewController.h */ = {isa = PBXFileReference; fileEncoding = 4; lastKnownFileType = sourcecode.c.h; name = PopViewController.h; path = ../PopViewController.h; sourceTree = "<group>"; };
		09B4A5B71C50EB8400BEA3D1 /* PopViewController.m */ = {isa = PBXFileReference; fileEncoding = 4; lastKnownFileType = sourcecode.c.objc; name = PopViewController.m; path = ../PopViewController.m; sourceTree = "<group>"; };
		09B4A5B91C50EC7900BEA3D1 /* PopView.h */ = {isa = PBXFileReference; fileEncoding = 4; lastKnownFileType = sourcecode.c.h; name = PopView.h; path = ../PopView.h; sourceTree = "<group>"; };
		09B4A5BA1C50EC7900BEA3D1 /* PopView.m */ = {isa = PBXFileReference; fileEncoding = 4; lastKnownFileType = sourcecode.c.objc; name = PopView.m; path = ../PopView.m; sourceTree = "<group>"; };
		09B4A5C51C50F09E00BEA3D1 /* categories.plist */ = {isa = PBXFileReference; fileEncoding = 4; lastKnownFileType = text.plist.xml; path = categories.plist; sourceTree = "<group>"; };
		09B4A5C61C50F09E00BEA3D1 /* cities.plist */ = {isa = PBXFileReference; fileEncoding = 4; lastKnownFileType = text.plist.xml; path = cities.plist; sourceTree = "<group>"; };
		09B4A5C71C50F09E00BEA3D1 /* cityGroups.plist */ = {isa = PBXFileReference; fileEncoding = 4; lastKnownFileType = text.plist.xml; path = cityGroups.plist; sourceTree = "<group>"; };
		09B4A5C81C50F09E00BEA3D1 /* sorts.plist */ = {isa = PBXFileReference; fileEncoding = 4; lastKnownFileType = text.plist.xml; path = sorts.plist; sourceTree = "<group>"; };
		09B4A5CD1C50F10400BEA3D1 /* CategorlyModel.h */ = {isa = PBXFileReference; fileEncoding = 4; lastKnownFileType = sourcecode.c.h; path = CategorlyModel.h; sourceTree = "<group>"; };
		09B4A5CE1C50F10400BEA3D1 /* CategorlyModel.m */ = {isa = PBXFileReference; fileEncoding = 4; lastKnownFileType = sourcecode.c.objc; path = CategorlyModel.m; sourceTree = "<group>"; };
		09B4A5D21C510AD300BEA3D1 /* popView.xib */ = {isa = PBXFileReference; fileEncoding = 4; lastKnownFileType = file.xib; path = popView.xib; sourceTree = "<group>"; };
		09B4A5D91C51118E00BEA3D1 /* SecondPopViewController.h */ = {isa = PBXFileReference; fileEncoding = 4; lastKnownFileType = sourcecode.c.h; path = SecondPopViewController.h; sourceTree = "<group>"; };
		09B4A5DA1C51118E00BEA3D1 /* SecondPopViewController.m */ = {isa = PBXFileReference; fileEncoding = 4; lastKnownFileType = sourcecode.c.objc; path = SecondPopViewController.m; sourceTree = "<group>"; };
		09B4A5DB1C51118E00BEA3D1 /* SecondPopViewController.xib */ = {isa = PBXFileReference; fileEncoding = 4; lastKnownFileType = file.xib; path = SecondPopViewController.xib; sourceTree = "<group>"; };
		09B4A5DE1C51153100BEA3D1 /* CItyGroupModel.h */ = {isa = PBXFileReference; fileEncoding = 4; lastKnownFileType = sourcecode.c.h; path = CItyGroupModel.h; sourceTree = "<group>"; };
		09B4A5DF1C51153100BEA3D1 /* CItyGroupModel.m */ = {isa = PBXFileReference; fileEncoding = 4; lastKnownFileType = sourcecode.c.objc; path = CItyGroupModel.m; sourceTree = "<group>"; };
		405209C11B12E4DB00837D23 /* 美团HD.app */ = {isa = PBXFileReference; explicitFileType = wrapper.application; includeInIndex = 0; path = "美团HD.app"; sourceTree = BUILT_PRODUCTS_DIR; };
		405209C51B12E4DB00837D23 /* Info.plist */ = {isa = PBXFileReference; lastKnownFileType = text.plist.xml; path = Info.plist; sourceTree = "<group>"; };
		405209C61B12E4DB00837D23 /* main.m */ = {isa = PBXFileReference; lastKnownFileType = sourcecode.c.objc; path = main.m; sourceTree = "<group>"; };
		405209C81B12E4DB00837D23 /* AppDelegate.h */ = {isa = PBXFileReference; lastKnownFileType = sourcecode.c.h; path = AppDelegate.h; sourceTree = "<group>"; };
		405209C91B12E4DB00837D23 /* AppDelegate.m */ = {isa = PBXFileReference; lastKnownFileType = sourcecode.c.objc; path = AppDelegate.m; sourceTree = "<group>"; };
		405209D11B12E4DB00837D23 /* Images.xcassets */ = {isa = PBXFileReference; lastKnownFileType = folder.assetcatalog; path = Images.xcassets; sourceTree = "<group>"; };
		405209DA1B12E4DB00837D23 /* 美团HD.xctest */ = {isa = PBXFileReference; explicitFileType = wrapper.cfbundle; includeInIndex = 0; path = "美团HD.xctest"; sourceTree = BUILT_PRODUCTS_DIR; };
		405209DF1B12E4DB00837D23 /* Info.plist */ = {isa = PBXFileReference; lastKnownFileType = text.plist.xml; path = Info.plist; sourceTree = "<group>"; };
		405209E01B12E4DB00837D23 /* ____Tests.m */ = {isa = PBXFileReference; lastKnownFileType = sourcecode.c.objc; path = "____Tests.m"; sourceTree = "<group>"; };
/* End PBXFileReference section */

/* Begin PBXFrameworksBuildPhase section */
		405209BE1B12E4DB00837D23 /* Frameworks */ = {
			isa = PBXFrameworksBuildPhase;
			buildActionMask = 2147483647;
			files = (
			);
			runOnlyForDeploymentPostprocessing = 0;
		};
		405209D71B12E4DB00837D23 /* Frameworks */ = {
			isa = PBXFrameworksBuildPhase;
			buildActionMask = 2147483647;
			files = (
			);
			runOnlyForDeploymentPostprocessing = 0;
		};
/* End PBXFrameworksBuildPhase section */

/* Begin PBXGroup section */
		09B4A5C01C50EF7500BEA3D1 /* Controller */ = {
			isa = PBXGroup;
			children = (
				09B4A5AB1C50DD4E00BEA3D1 /* FirstViewCollectionViewController.h */,
				09B4A5AC1C50DD4E00BEA3D1 /* FirstViewCollectionViewController.m */,
				09B4A5D91C51118E00BEA3D1 /* SecondPopViewController.h */,
				09B4A5DA1C51118E00BEA3D1 /* SecondPopViewController.m */,
				09B4A5DB1C51118E00BEA3D1 /* SecondPopViewController.xib */,
				09B4A5B61C50EB8400BEA3D1 /* PopViewController.h */,
				09B4A5B71C50EB8400BEA3D1 /* PopViewController.m */,
				09B4A5AE1C50DF5000BEA3D1 /* MyNavController.h */,
				09B4A5AF1C50DF5000BEA3D1 /* MyNavController.m */,
			);
			path = Controller;
			sourceTree = "<group>";
		};
		09B4A5C11C50EF7500BEA3D1 /* Model */ = {
			isa = PBXGroup;
			children = (
				09B4A5CD1C50F10400BEA3D1 /* CategorlyModel.h */,
				09B4A5CE1C50F10400BEA3D1 /* CategorlyModel.m */,
				09B4A5DE1C51153100BEA3D1 /* CItyGroupModel.h */,
				09B4A5DF1C51153100BEA3D1 /* CItyGroupModel.m */,
			);
			path = Model;
			sourceTree = "<group>";
		};
		09B4A5C21C50EF7500BEA3D1 /* Utilitys */ = {
			isa = PBXGroup;
			children = (
				09B4A5C41C50F09E00BEA3D1 /* PlistData */,
			);
			path = Utilitys;
			sourceTree = "<group>";
		};
		09B4A5C31C50EF7500BEA3D1 /* View */ = {
			isa = PBXGroup;
			children = (
				09B4A5B11C50E13200BEA3D1 /* NavItem.h */,
				09B4A5B21C50E13200BEA3D1 /* NavItem.m */,
				09B4A5B41C50E14F00BEA3D1 /* NavItem.xib */,
				09B4A5B91C50EC7900BEA3D1 /* PopView.h */,
				09B4A5BA1C50EC7900BEA3D1 /* PopView.m */,
				09B4A5D21C510AD300BEA3D1 /* popView.xib */,
			);
			path = View;
			sourceTree = "<group>";
		};
		09B4A5C41C50F09E00BEA3D1 /* PlistData */ = {
			isa = PBXGroup;
			children = (
				09B4A5C51C50F09E00BEA3D1 /* categories.plist */,
				09B4A5C61C50F09E00BEA3D1 /* cities.plist */,
				09B4A5C71C50F09E00BEA3D1 /* cityGroups.plist */,
				09B4A5C81C50F09E00BEA3D1 /* sorts.plist */,
			);
			path = PlistData;
			sourceTree = "<group>";
		};
		405209B81B12E4DB00837D23 = {
			isa = PBXGroup;
			children = (
				405209C31B12E4DB00837D23 /* 美团HD */,
				405209DD1B12E4DB00837D23 /* 美团HDTests */,
				405209C21B12E4DB00837D23 /* Products */,
			);
			sourceTree = "<group>";
		};
		405209C21B12E4DB00837D23 /* Products */ = {
			isa = PBXGroup;
			children = (
				405209C11B12E4DB00837D23 /* 美团HD.app */,
				405209DA1B12E4DB00837D23 /* 美团HD.xctest */,
			);
			name = Products;
			sourceTree = "<group>";
		};
		405209C31B12E4DB00837D23 /* 美团HD */ = {
			isa = PBXGroup;
			children = (
				09B4A5C01C50EF7500BEA3D1 /* Controller */,
				09B4A5C11C50EF7500BEA3D1 /* Model */,
				09B4A5C31C50EF7500BEA3D1 /* View */,
				09B4A5C21C50EF7500BEA3D1 /* Utilitys */,
				405209C81B12E4DB00837D23 /* AppDelegate.h */,
				405209C91B12E4DB00837D23 /* AppDelegate.m */,
				405209D11B12E4DB00837D23 /* Images.xcassets */,
				405209C41B12E4DB00837D23 /* Supporting Files */,
			);
			name = "美团HD";
			path = "团购项目";
			sourceTree = "<group>";
		};
		405209C41B12E4DB00837D23 /* Supporting Files */ = {
			isa = PBXGroup;
			children = (
				405209C51B12E4DB00837D23 /* Info.plist */,
				405209C61B12E4DB00837D23 /* main.m */,
			);
			name = "Supporting Files";
			sourceTree = "<group>";
		};
		405209DD1B12E4DB00837D23 /* 美团HDTests */ = {
			isa = PBXGroup;
			children = (
				405209E01B12E4DB00837D23 /* ____Tests.m */,
				405209DE1B12E4DB00837D23 /* Supporting Files */,
			);
			name = "美团HDTests";
			path = "团购项目Tests";
			sourceTree = "<group>";
		};
		405209DE1B12E4DB00837D23 /* Supporting Files */ = {
			isa = PBXGroup;
			children = (
				405209DF1B12E4DB00837D23 /* Info.plist */,
			);
			name = "Supporting Files";
			sourceTree = "<group>";
		};
/* End PBXGroup section */

/* Begin PBXNativeTarget section */
		405209C01B12E4DB00837D23 /* 美团HD */ = {
			isa = PBXNativeTarget;
			buildConfigurationList = 405209E41B12E4DB00837D23 /* Build configuration list for PBXNativeTarget "美团HD" */;
			buildPhases = (
				405209BD1B12E4DB00837D23 /* Sources */,
				405209BE1B12E4DB00837D23 /* Frameworks */,
				405209BF1B12E4DB00837D23 /* Resources */,
			);
			buildRules = (
			);
			dependencies = (
			);
			name = "美团HD";
			productName = "团购项目";
			productReference = 405209C11B12E4DB00837D23 /* 美团HD.app */;
			productType = "com.apple.product-type.application";
		};
		405209D91B12E4DB00837D23 /* 美团HDTests */ = {
			isa = PBXNativeTarget;
			buildConfigurationList = 405209E71B12E4DB00837D23 /* Build configuration list for PBXNativeTarget "美团HDTests" */;
			buildPhases = (
				405209D61B12E4DB00837D23 /* Sources */,
				405209D71B12E4DB00837D23 /* Frameworks */,
				405209D81B12E4DB00837D23 /* Resources */,
			);
			buildRules = (
			);
			dependencies = (
				405209DC1B12E4DB00837D23 /* PBXTargetDependency */,
			);
			name = "美团HDTests";
			productName = "团购项目Tests";
			productReference = 405209DA1B12E4DB00837D23 /* 美团HD.xctest */;
			productType = "com.apple.product-type.bundle.unit-test";
		};
/* End PBXNativeTarget section */

/* Begin PBXProject section */
		405209B91B12E4DB00837D23 /* Project object */ = {
			isa = PBXProject;
			attributes = {
				LastUpgradeCheck = 0720;
				ORGANIZATIONNAME = lbcoder;
				TargetAttributes = {
					405209C01B12E4DB00837D23 = {
						CreatedOnToolsVersion = 6.1.1;
					};
					405209D91B12E4DB00837D23 = {
						CreatedOnToolsVersion = 6.1.1;
						TestTargetID = 405209C01B12E4DB00837D23;
					};
				};
			};
			buildConfigurationList = 405209BC1B12E4DB00837D23 /* Build configuration list for PBXProject "美团HD" */;
			compatibilityVersion = "Xcode 3.2";
			developmentRegion = English;
			hasScannedForEncodings = 0;
			knownRegions = (
				en,
				Base,
			);
			mainGroup = 405209B81B12E4DB00837D23;
			productRefGroup = 405209C21B12E4DB00837D23 /* Products */;
			projectDirPath = "";
			projectRoot = "";
			targets = (
				405209C01B12E4DB00837D23 /* 美团HD */,
				405209D91B12E4DB00837D23 /* 美团HDTests */,
			);
		};
/* End PBXProject section */

/* Begin PBXResourcesBuildPhase section */
		405209BF1B12E4DB00837D23 /* Resources */ = {
			isa = PBXResourcesBuildPhase;
			buildActionMask = 2147483647;
			files = (
				09B4A5D31C510AD300BEA3D1 /* popView.xib in Resources */,
				09B4A5C91C50F09E00BEA3D1 /* categories.plist in Resources */,
				09B4A5B51C50E14F00BEA3D1 /* NavItem.xib in Resources */,
				09B4A5CC1C50F09E00BEA3D1 /* sorts.plist in Resources */,
				09B4A5CA1C50F09E00BEA3D1 /* cities.plist in Resources */,
				405209D21B12E4DB00837D23 /* Images.xcassets in Resources */,
				09B4A5DD1C51118E00BEA3D1 /* SecondPopViewController.xib in Resources */,
				09B4A5CB1C50F09E00BEA3D1 /* cityGroups.plist in Resources */,
			);
			runOnlyForDeploymentPostprocessing = 0;
		};
		405209D81B12E4DB00837D23 /* Resources */ = {
			isa = PBXResourcesBuildPhase;
			buildActionMask = 2147483647;
			files = (
			);
			runOnlyForDeploymentPostprocessing = 0;
		};
/* End PBXResourcesBuildPhase section */

/* Begin PBXSourcesBuildPhase section */
		405209BD1B12E4DB00837D23 /* Sources */ = {
			isa = PBXSourcesBuildPhase;
			buildActionMask = 2147483647;
			files = (
				09B4A5E01C51153100BEA3D1 /* CItyGroupModel.m in Sources */,
				09B4A5BB1C50EC7900BEA3D1 /* PopView.m in Sources */,
				09B4A5B81C50EB8400BEA3D1 /* PopViewController.m in Sources */,
				405209CA1B12E4DB00837D23 /* AppDelegate.m in Sources */,
				09B4A5AD1C50DD4E00BEA3D1 /* FirstViewCollectionViewController.m in Sources */,
				405209C71B12E4DB00837D23 /* main.m in Sources */,
				09B4A5B01C50DF5000BEA3D1 /* MyNavController.m in Sources */,
				09B4A5CF1C50F10400BEA3D1 /* CategorlyModel.m in Sources */,
				09B4A5B31C50E13200BEA3D1 /* NavItem.m in Sources */,
				09B4A5DC1C51118E00BEA3D1 /* SecondPopViewController.m in Sources */,
			);
			runOnlyForDeploymentPostprocessing = 0;
		};
		405209D61B12E4DB00837D23 /* Sources */ = {
			isa = PBXSourcesBuildPhase;
			buildActionMask = 2147483647;
			files = (
				405209E11B12E4DB00837D23 /* ____Tests.m in Sources */,
			);
			runOnlyForDeploymentPostprocessing = 0;
		};
/* End PBXSourcesBuildPhase section */

/* Begin PBXTargetDependency section */
		405209DC1B12E4DB00837D23 /* PBXTargetDependency */ = {
			isa = PBXTargetDependency;
			target = 405209C01B12E4DB00837D23 /* 美团HD */;
			targetProxy = 405209DB1B12E4DB00837D23 /* PBXContainerItemProxy */;
		};
/* End PBXTargetDependency section */

/* Begin XCBuildConfiguration section */
		405209E21B12E4DB00837D23 /* Debug */ = {
			isa = XCBuildConfiguration;
			buildSettings = {
				ALWAYS_SEARCH_USER_PATHS = NO;
				CLANG_CXX_LANGUAGE_STANDARD = "gnu++0x";
				CLANG_CXX_LIBRARY = "libc++";
				CLANG_ENABLE_MODULES = YES;
				CLANG_ENABLE_OBJC_ARC = YES;
				CLANG_WARN_BOOL_CONVERSION = YES;
				CLANG_WARN_CONSTANT_CONVERSION = YES;
				CLANG_WARN_DIRECT_OBJC_ISA_USAGE = YES_ERROR;
				CLANG_WARN_EMPTY_BODY = YES;
				CLANG_WARN_ENUM_CONVERSION = YES;
				CLANG_WARN_INT_CONVERSION = YES;
				CLANG_WARN_OBJC_ROOT_CLASS = YES_ERROR;
				CLANG_WARN_UNREACHABLE_CODE = YES;
				CLANG_WARN__DUPLICATE_METHOD_MATCH = YES;
				"CODE_SIGN_IDENTITY[sdk=iphoneos*]" = "iPhone Developer";
				COPY_PHASE_STRIP = NO;
				ENABLE_STRICT_OBJC_MSGSEND = YES;
				ENABLE_TESTABILITY = YES;
				GCC_C_LANGUAGE_STANDARD = gnu99;
				GCC_DYNAMIC_NO_PIC = NO;
				GCC_OPTIMIZATION_LEVEL = 0;
				GCC_PREPROCESSOR_DEFINITIONS = (
					"DEBUG=1",
					"$(inherited)",
				);
				GCC_SYMBOLS_PRIVATE_EXTERN = NO;
				GCC_WARN_64_TO_32_BIT_CONVERSION = YES;
				GCC_WARN_ABOUT_RETURN_TYPE = YES_ERROR;
				GCC_WARN_UNDECLARED_SELECTOR = YES;
				GCC_WARN_UNINITIALIZED_AUTOS = YES_AGGRESSIVE;
				GCC_WARN_UNUSED_FUNCTION = YES;
				GCC_WARN_UNUSED_VARIABLE = YES;
				IPHONEOS_DEPLOYMENT_TARGET = 8.1;
				MTL_ENABLE_DEBUG_INFO = YES;
				ONLY_ACTIVE_ARCH = YES;
				SDKROOT = iphoneos;
				TARGETED_DEVICE_FAMILY = 2;
			};
			name = Debug;
		};
		405209E31B12E4DB00837D23 /* Release */ = {
			isa = XCBuildConfiguration;
			buildSettings = {
				ALWAYS_SEARCH_USER_PATHS = NO;
				CLANG_CXX_LANGUAGE_STANDARD = "gnu++0x";
				CLANG_CXX_LIBRARY = "libc++";
				CLANG_ENABLE_MODULES = YES;
				CLANG_ENABLE_OBJC_ARC = YES;
				CLANG_WARN_BOOL_CONVERSION = YES;
				CLANG_WARN_CONSTANT_CONVERSION = YES;
				CLANG_WARN_DIRECT_OBJC_ISA_USAGE = YES_ERROR;
				CLANG_WARN_EMPTY_BODY = YES;
				CLANG_WARN_ENUM_CONVERSION = YES;
				CLANG_WARN_INT_CONVERSION = YES;
				CLANG_WARN_OBJC_ROOT_CLASS = YES_ERROR;
				CLANG_WARN_UNREACHABLE_CODE = YES;
				CLANG_WARN__DUPLICATE_METHOD_MATCH = YES;
				"CODE_SIGN_IDENTITY[sdk=iphoneos*]" = "iPhone Developer";
				COPY_PHASE_STRIP = YES;
				ENABLE_NS_ASSERTIONS = NO;
				ENABLE_STRICT_OBJC_MSGSEND = YES;
				GCC_C_LANGUAGE_STANDARD = gnu99;
				GCC_WARN_64_TO_32_BIT_CONVERSION = YES;
				GCC_WARN_ABOUT_RETURN_TYPE = YES_ERROR;
				GCC_WARN_UNDECLARED_SELECTOR = YES;
				GCC_WARN_UNINITIALIZED_AUTOS = YES_AGGRESSIVE;
				GCC_WARN_UNUSED_FUNCTION = YES;
				GCC_WARN_UNUSED_VARIABLE = YES;
				IPHONEOS_DEPLOYMENT_TARGET = 8.1;
				MTL_ENABLE_DEBUG_INFO = NO;
				SDKROOT = iphoneos;
				TARGETED_DEVICE_FAMILY = 2;
				VALIDATE_PRODUCT = YES;
			};
			name = Release;
		};
		405209E51B12E4DB00837D23 /* Debug */ = {
			isa = XCBuildConfiguration;
			buildSettings = {
				ASSETCATALOG_COMPILER_APPICON_NAME = AppIcon;
				ASSETCATALOG_COMPILER_LAUNCHIMAGE_NAME = LaunchImage;
				INFOPLIST_FILE = "团购项目/Info.plist";
				IPHONEOS_DEPLOYMENT_TARGET = 7.0;
				LD_RUNPATH_SEARCH_PATHS = "$(inherited) @executable_path/Frameworks";
				PRODUCT_BUNDLE_IDENTIFIER = "com.jikexueyuan.$(PRODUCT_NAME:rfc1034identifier)";
				PRODUCT_NAME = "美团HD";
			};
			name = Debug;
		};
		405209E61B12E4DB00837D23 /* Release */ = {
			isa = XCBuildConfiguration;
			buildSettings = {
				ASSETCATALOG_COMPILER_APPICON_NAME = AppIcon;
				ASSETCATALOG_COMPILER_LAUNCHIMAGE_NAME = LaunchImage;
				INFOPLIST_FILE = "团购项目/Info.plist";
				IPHONEOS_DEPLOYMENT_TARGET = 7.0;
				LD_RUNPATH_SEARCH_PATHS = "$(inherited) @executable_path/Frameworks";
				PRODUCT_BUNDLE_IDENTIFIER = "com.jikexueyuan.$(PRODUCT_NAME:rfc1034identifier)";
				PRODUCT_NAME = "美团HD";
			};
			name = Release;
		};
		405209E81B12E4DB00837D23 /* Debug */ = {
			isa = XCBuildConfiguration;
			buildSettings = {
				BUNDLE_LOADER = "$(TEST_HOST)";
				FRAMEWORK_SEARCH_PATHS = (
					"$(SDKROOT)/Developer/Library/Frameworks",
					"$(inherited)",
				);
				GCC_PREPROCESSOR_DEFINITIONS = (
					"DEBUG=1",
					"$(inherited)",
				);
				INFOPLIST_FILE = "团购项目Tests/Info.plist";
				LD_RUNPATH_SEARCH_PATHS = "$(inherited) @executable_path/Frameworks @loader_path/Frameworks";
				PRODUCT_BUNDLE_IDENTIFIER = "com.jikexueyuan.$(PRODUCT_NAME:rfc1034identifier)";
				PRODUCT_NAME = "美团HD";
				TEST_HOST = "$(BUILT_PRODUCTS_DIR)/美团HD.app/美团HD";
			};
			name = Debug;
		};
		405209E91B12E4DB00837D23 /* Release */ = {
			isa = XCBuildConfiguration;
			buildSettings = {
				BUNDLE_LOADER = "$(TEST_HOST)";
				FRAMEWORK_SEARCH_PATHS = (
					"$(SDKROOT)/Developer/Library/Frameworks",
					"$(inherited)",
				);
				INFOPLIST_FILE = "团购项目Tests/Info.plist";
				LD_RUNPATH_SEARCH_PATHS = "$(inherited) @executable_path/Frameworks @loader_path/Frameworks";
				PRODUCT_BUNDLE_IDENTIFIER = "com.jikexueyuan.$(PRODUCT_NAME:rfc1034identifier)";
				PRODUCT_NAME = "美团HD";
				TEST_HOST = "$(BUILT_PRODUCTS_DIR)/美团HD.app/美团HD";
			};
			name = Release;
		};
/* End XCBuildConfiguration section */

/* Begin XCConfigurationList section */
		405209BC1B12E4DB00837D23 /* Build configuration list for PBXProject "美团HD" */ = {
			isa = XCConfigurationList;
			buildConfigurations = (
				405209E21B12E4DB00837D23 /* Debug */,
				405209E31B12E4DB00837D23 /* Release */,
			);
			defaultConfigurationIsVisible = 0;
			defaultConfigurationName = Release;
		};
		405209E41B12E4DB00837D23 /* Build configuration list for PBXNativeTarget "美团HD" */ = {
			isa = XCConfigurationList;
			buildConfigurations = (
				405209E51B12E4DB00837D23 /* Debug */,
				405209E61B12E4DB00837D23 /* Release */,
			);
			defaultConfigurationIsVisible = 0;
			defaultConfigurationName = Release;
		};
		405209E71B12E4DB00837D23 /* Build configuration list for PBXNativeTarget "美团HDTests" */ = {
			isa = XCConfigurationList;
			buildConfigurations = (
				405209E81B12E4DB00837D23 /* Debug */,
				405209E91B12E4DB00837D23 /* Release */,
			);
			defaultConfigurationIsVisible = 0;
			defaultConfigurationName = Release;
		};
/* End XCConfigurationList section */
	};
	rootObject = 405209B91B12E4DB00837D23 /* Project object */;
}
